{
  "nodes": {
    "flake-utils": {
      "locked": {
        "lastModified": 1644229661,
        "narHash": "sha256-1YdnJAsNy69bpcjuoKdOYQX0YxZBiCYZo4Twxerqv7k=",
        "owner": "numtide",
        "repo": "flake-utils",
        "rev": "3cecb5b042f7f209c56ffd8371b2711a290ec797",
        "type": "github"
      },
      "original": {
        "owner": "numtide",
        "repo": "flake-utils",
        "type": "github"
      }
    },
    "nixpkgs": {
      "locked": {
        "lastModified": 1652133925,
        "narHash": "sha256-kfATGChLe9/fQVZkXN9G71JAVMlhePv1qDbaRKklkQs=",
        "owner": "nixos",
        "repo": "nixpkgs",
        "rev": "51d859cdab1ef58755bd342d45352fc607f5e59b",
        "type": "github"
      },
      "original": {
        "owner": "nixos",
        "ref": "nixpkgs-unstable",
        "repo": "nixpkgs",
        "type": "github"
      }
    },
    "root": {
      "inputs": {
        "nixpkgs": "nixpkgs",
        "utils": "utils"
      }
    },
    "utils": {
      "inputs": {
        "flake-utils": "flake-utils"
      },
      "locked": {
        "lastModified": 1647259887,
        "narHash": "sha256-yEkMbEHVO9qydluQ3uHGWX1PkfZhgDKxnd1rhZYZ72w=",
        "owner": "gytis-ivaskevicius",
        "repo": "flake-utils-plus",
        "rev": "06dba5f3b4fa2cc0bfc98ce9cd6f9a4d8db11d46",
        "type": "github"
      },
      "original": {
        "owner": "gytis-ivaskevicius",
        "repo": "flake-utils-plus",
        "type": "github"
      }
    }
  },
  "root": "root",
  "version": 7
}
